
Microsoft Visual Studio Solution File, Format Version 12.00
# Visual Studio Version 17
VisualStudioVersion = 17.2.32630.192
MinimumVisualStudioVersion = 10.0.40219.1
Project("{FAE04EC0-301F-11D3-BF4B-00C04F79EFBC}") = "HCMS4", "HCMS4\HCMS4.csproj", "{94451206-DF34-459E-ACDA-A8323446AAA5}"
EndProject
Global
	GlobalSection(SolutionConfigurationPlatforms) = preSolution
		Debug|Any CPU = Debug|Any CPU
		Release|Any CPU = Release|Any CPU
	EndGlobalSection
	GlobalSection(ProjectConfigurationPlatforms) = postSolution
		{94451206-DF34-459E-ACDA-A8323446AAA5}.Debug|Any CPU.ActiveCfg = Debug|Any CPU
		{94451206-DF34-459E-ACDA-A8323446AAA5}.Debug|Any CPU.Build.0 = Debug|Any CPU
		{94451206-DF34-459E-ACDA-A8323446AAA5}.Release|Any CPU.ActiveCfg = Release|Any CPU
		{94451206-DF34-459E-ACDA-A8323446AAA5}.Release|Any CPU.Build.0 = Release|Any CPU
	EndGlobalSection
	GlobalSection(SolutionProperties) = preSolution
		HideSolutionNode = FALSE
	EndGlobalSection
	GlobalSection(ExtensibilityGlobals) = postSolution
		SolutionGuid = {B34101CC-F181-4A9F-B617-34EE1651F7C0}
	EndGlobalSection
EndGlobal
